Microsoft Visual Studio Solution File, Format Version 12.00
# Visual Studio 2013
VisualStudioVersion = 12.0.30501.0
MinimumVisualStudioVersion = 10.0.40219.1
Project("{2150E333-8FDC-42A3-9474-1A3956D46DE8}") = "Solution Items", "Solution Items", "{0691ABF2-B3C7-43BF-9862-2D8D1299CE58}"
	ProjectSection(SolutionItems) = preProject
		..\AdventOfCode.build = ..\AdventOfCode.build
		..\go.bat = ..\go.bat
	EndProjectSection
EndProject
Project("{FAE04EC0-301F-11D3-BF4B-00C04F79EFBC}") = "AdventOfCode.Console", "AdventOfCode.Console\AdventOfCode.Console.csproj", "{E36C52F0-ADF9-4A8B-9BB2-8886D9C1CCC3}"
EndProject
Project("{FAE04EC0-301F-11D3-BF4B-00C04F79EFBC}") = "AdventOfCode.Core", "AdventOfCode.Core\AdventOfCode.Core.csproj", "{EF6F3628-FAF6-4BA9-AF0C-E6CA58556325}"
EndProject
Project("{2150E333-8FDC-42A3-9474-1A3956D46DE8}") = ".nuget", ".nuget", "{2A959A54-BF6F-4BF5-975E-BE3829832B87}"
	ProjectSection(SolutionItems) = preProject
		.nuget\NuGet.Config = .nuget\NuGet.Config
		.nuget\NuGet.exe = .nuget\NuGet.exe
		.nuget\NuGet.targets = .nuget\NuGet.targets
	EndProjectSection
EndProject
Project("{FAE04EC0-301F-11D3-BF4B-00C04F79EFBC}") = "AdventOfCode.Core.Tests", "AdventOfCode.Core.Tests\AdventOfCode.Core.Tests.csproj", "{07FA7B30-D50E-4B6A-905F-29C83457A5AB}"
EndProject
Global
	GlobalSection(SolutionConfigurationPlatforms) = preSolution
		Debug|Any CPU = Debug|Any CPU
		Release|Any CPU = Release|Any CPU
	EndGlobalSection
	GlobalSection(ProjectConfigurationPlatforms) = postSolution
		{E36C52F0-ADF9-4A8B-9BB2-8886D9C1CCC3}.Debug|Any CPU.ActiveCfg = Debug|Any CPU
		{E36C52F0-ADF9-4A8B-9BB2-8886D9C1CCC3}.Debug|Any CPU.Build.0 = Debug|Any CPU
		{E36C52F0-ADF9-4A8B-9BB2-8886D9C1CCC3}.Release|Any CPU.ActiveCfg = Release|Any CPU
		{E36C52F0-ADF9-4A8B-9BB2-8886D9C1CCC3}.Release|Any CPU.Build.0 = Release|Any CPU
		{EF6F3628-FAF6-4BA9-AF0C-E6CA58556325}.Debug|Any CPU.ActiveCfg = Debug|Any CPU
		{EF6F3628-FAF6-4BA9-AF0C-E6CA58556325}.Debug|Any CPU.Build.0 = Debug|Any CPU
		{EF6F3628-FAF6-4BA9-AF0C-E6CA58556325}.Release|Any CPU.ActiveCfg = Release|Any CPU
		{EF6F3628-FAF6-4BA9-AF0C-E6CA58556325}.Release|Any CPU.Build.0 = Release|Any CPU
		{07FA7B30-D50E-4B6A-905F-29C83457A5AB}.Debug|Any CPU.ActiveCfg = Debug|Any CPU
		{07FA7B30-D50E-4B6A-905F-29C83457A5AB}.Debug|Any CPU.Build.0 = Debug|Any CPU
		{07FA7B30-D50E-4B6A-905F-29C83457A5AB}.Release|Any CPU.ActiveCfg = Release|Any CPU
		{07FA7B30-D50E-4B6A-905F-29C83457A5AB}.Release|Any CPU.Build.0 = Release|Any CPU
	EndGlobalSection
	GlobalSection(SolutionProperties) = preSolution
		HideSolutionNode = FALSE
	EndGlobalSection
EndGlobal
